
Microsoft Visual Studio Solution File, Format Version 12.00
# Visual Studio Version 17
VisualStudioVersion = 17.14.36121.58 d17.14
MinimumVisualStudioVersion = 10.0.40219.1
Project("{FAE04EC0-301F-11D3-BF4B-00C04F79EFBC}") = "ESTRUTURA SEQUENCIAL", "ESTRUTURA SEQUENCIAL\ESTRUTURA SEQUENCIAL.csproj", "{62CDDD0D-1820-4555-A66B-0C6810A95127}"
EndProject
Global
	GlobalSection(SolutionConfigurationPlatforms) = preSolution
		Debug|Any CPU = Debug|Any CPU
		Release|Any CPU = Release|Any CPU
	EndGlobalSection
	GlobalSection(ProjectConfigurationPlatforms) = postSolution
		{62CDDD0D-1820-4555-A66B-0C6810A95127}.Debug|Any CPU.ActiveCfg = Debug|Any CPU
		{62CDDD0D-1820-4555-A66B-0C6810A95127}.Debug|Any CPU.Build.0 = Debug|Any CPU
		{62CDDD0D-1820-4555-A66B-0C6810A95127}.Release|Any CPU.ActiveCfg = Release|Any CPU
		{62CDDD0D-1820-4555-A66B-0C6810A95127}.Release|Any CPU.Build.0 = Release|Any CPU
	EndGlobalSection
	GlobalSection(SolutionProperties) = preSolution
		HideSolutionNode = FALSE
	EndGlobalSection
	GlobalSection(ExtensibilityGlobals) = postSolution
		SolutionGuid = {01F72829-7F67-4DBD-86AD-06B641B2FB94}
	EndGlobalSection
EndGlobal
